// !$*UTF8*$!
{
	archiveVersion = 1;
	classes = {
	};
	objectVersion = 48;
	objects = {

/* Begin PBXBuildFile section */
		94067E2B20499E560072C3A6 /* PurchaseVC.swift in Sources */ = {isa = PBXBuildFile; fileRef = 94067E2A20499E560072C3A6 /* PurchaseVC.swift */; };
		944BBC781FBE31BF00C08B09 /* LoginViewController.swift in Sources */ = {isa = PBXBuildFile; fileRef = 944BBC771FBE31BF00C08B09 /* LoginViewController.swift */; };
		9492EAE61FB4DA4700170A59 /* CodeTxtField.swift in Sources */ = {isa = PBXBuildFile; fileRef = 9492EAE51FB4DA4700170A59 /* CodeTxtField.swift */; };
		9492EAEE1FB4F6A800170A59 /* Aerolase_Code_EntryTests.swift in Sources */ = {isa = PBXBuildFile; fileRef = 9492EAED1FB4F6A800170A59 /* Aerolase_Code_EntryTests.swift */; };
		9492EAF71FB4F6EA00170A59 /* Code.swift in Sources */ = {isa = PBXBuildFile; fileRef = 9492EAF61FB4F6EA00170A59 /* Code.swift */; };
		9492EAF81FB4F8DF00170A59 /* Code.swift in Sources */ = {isa = PBXBuildFile; fileRef = 9492EAF61FB4F6EA00170A59 /* Code.swift */; };
		949AB5DF1FAB667E00C87302 /* AppDelegate.swift in Sources */ = {isa = PBXBuildFile; fileRef = 949AB5DE1FAB667E00C87302 /* AppDelegate.swift */; };
		949AB5E11FAB667E00C87302 /* MainVC.swift in Sources */ = {isa = PBXBuildFile; fileRef = 949AB5E01FAB667E00C87302 /* MainVC.swift */; };
		949AB5E41FAB667E00C87302 /* Main.storyboard in Resources */ = {isa = PBXBuildFile; fileRef = 949AB5E21FAB667E00C87302 /* Main.storyboard */; };
		949AB5E61FAB667E00C87302 /* Assets.xcassets in Resources */ = {isa = PBXBuildFile; fileRef = 949AB5E51FAB667E00C87302 /* Assets.xcassets */; };
		949AB5E91FAB667E00C87302 /* LaunchScreen.storyboard in Resources */ = {isa = PBXBuildFile; fileRef = 949AB5E71FAB667E00C87302 /* LaunchScreen.storyboard */; };
		94F186FC1FBCE6E80083A71F /* CopyUILabel.swift in Sources */ = {isa = PBXBuildFile; fileRef = 94F186FB1FBCE6E70083A71F /* CopyUILabel.swift */; };
/* End PBXBuildFile section */

/* Begin PBXContainerItemProxy section */
		9492EAF01FB4F6A800170A59 /* PBXContainerItemProxy */ = {
			isa = PBXContainerItemProxy;
			containerPortal = 949AB5D31FAB667E00C87302 /* Project object */;
			proxyType = 1;
			remoteGlobalIDString = 949AB5DA1FAB667E00C87302;
			remoteInfo = "Aerolase Code Entry";
		};
/* End PBXContainerItemProxy section */

/* Begin PBXFileReference section */
		94067E2A20499E560072C3A6 /* PurchaseVC.swift */ = {isa = PBXFileReference; lastKnownFileType = sourcecode.swift; path = PurchaseVC.swift; sourceTree = "<group>"; };
		944BBC771FBE31BF00C08B09 /* LoginViewController.swift */ = {isa = PBXFileReference; lastKnownFileType = sourcecode.swift; path = LoginViewController.swift; sourceTree = "<group>"; };
		9492EAE51FB4DA4700170A59 /* CodeTxtField.swift */ = {isa = PBXFileReference; lastKnownFileType = sourcecode.swift; path = CodeTxtField.swift; sourceTree = "<group>"; };
		9492EAEB1FB4F6A800170A59 /* Aerolase Code EntryTests.xctest */ = {isa = PBXFileReference; explicitFileType = wrapper.cfbundle; includeInIndex = 0; path = "Aerolase Code EntryTests.xctest"; sourceTree = BUILT_PRODUCTS_DIR; };
		9492EAED1FB4F6A800170A59 /* Aerolase_Code_EntryTests.swift */ = {isa = PBXFileReference; lastKnownFileType = sourcecode.swift; path = Aerolase_Code_EntryTests.swift; sourceTree = "<group>"; };
		9492EAEF1FB4F6A800170A59 /* Info.plist */ = {isa = PBXFileReference; lastKnownFileType = text.plist.xml; path = Info.plist; sourceTree = "<group>"; };
		9492EAF61FB4F6EA00170A59 /* Code.swift */ = {isa = PBXFileReference; lastKnownFileType = sourcecode.swift; path = Code.swift; sourceTree = "<group>"; };
		949AB5DB1FAB667E00C87302 /* Aerolase Code Entry.app */ = {isa = PBXFileReference; explicitFileType = wrapper.application; includeInIndex = 0; path = "Aerolase Code Entry.app"; sourceTree = BUILT_PRODUCTS_DIR; };
		949AB5DE1FAB667E00C87302 /* AppDelegate.swift */ = {isa = PBXFileReference; lastKnownFileType = sourcecode.swift; path = AppDelegate.swift; sourceTree = "<group>"; };
		949AB5E01FAB667E00C87302 /* MainVC.swift */ = {isa = PBXFileReference; lastKnownFileType = sourcecode.swift; path = MainVC.swift; sourceTree = "<group>"; };
		949AB5E31FAB667E00C87302 /* Base */ = {isa = PBXFileReference; lastKnownFileType = file.storyboard; name = Base; path = Base.lproj/Main.storyboard; sourceTree = "<group>"; };
		949AB5E51FAB667E00C87302 /* Assets.xcassets */ = {isa = PBXFileReference; lastKnownFileType = folder.assetcatalog; path = Assets.xcassets; sourceTree = "<group>"; };
		949AB5E81FAB667E00C87302 /* Base */ = {isa = PBXFileReference; lastKnownFileType = file.storyboard; name = Base; path = Base.lproj/LaunchScreen.storyboard; sourceTree = "<group>"; };
		949AB5EA1FAB667E00C87302 /* Info.plist */ = {isa = PBXFileReference; lastKnownFileType = text.plist.xml; path = Info.plist; sourceTree = "<group>"; };
		94F186FB1FBCE6E70083A71F /* CopyUILabel.swift */ = {isa = PBXFileReference; lastKnownFileType = sourcecode.swift; path = CopyUILabel.swift; sourceTree = "<group>"; };
/* End PBXFileReference section */

/* Begin PBXFrameworksBuildPhase section */
		9492EAE81FB4F6A800170A59 /* Frameworks */ = {
			isa = PBXFrameworksBuildPhase;
			buildActionMask = 2147483647;
			files = (
			);
			runOnlyForDeploymentPostprocessing = 0;
		};
		949AB5D81FAB667E00C87302 /* Frameworks */ = {
			isa = PBXFrameworksBuildPhase;
			buildActionMask = 2147483647;
			files = (
			);
			runOnlyForDeploymentPostprocessing = 0;
		};
/* End PBXFrameworksBuildPhase section */

/* Begin PBXGroup section */
		9492EAE31FB4C28A00170A59 /* Controller */ = {
			isa = PBXGroup;
			children = (
				949AB5E01FAB667E00C87302 /* MainVC.swift */,
				944BBC771FBE31BF00C08B09 /* LoginViewController.swift */,
				94067E2A20499E560072C3A6 /* PurchaseVC.swift */,
			);
			path = Controller;
			sourceTree = "<group>";
		};
		9492EAE41FB4DA0500170A59 /* Views */ = {
			isa = PBXGroup;
			children = (
				9492EAE51FB4DA4700170A59 /* CodeTxtField.swift */,
			);
			path = Views;
			sourceTree = "<group>";
		};
		9492EAEC1FB4F6A800170A59 /* Aerolase Code EntryTests */ = {
			isa = PBXGroup;
			children = (
				9492EAED1FB4F6A800170A59 /* Aerolase_Code_EntryTests.swift */,
				9492EAEF1FB4F6A800170A59 /* Info.plist */,
			);
			path = "Aerolase Code EntryTests";
			sourceTree = "<group>";
		};
		9492EAF51FB4F6B700170A59 /* Model */ = {
			isa = PBXGroup;
			children = (
				9492EAF61FB4F6EA00170A59 /* Code.swift */,
				94F186FB1FBCE6E70083A71F /* CopyUILabel.swift */,
			);
			path = Model;
			sourceTree = "<group>";
		};
		949AB5D21FAB667E00C87302 = {
			isa = PBXGroup;
			children = (
				949AB5DD1FAB667E00C87302 /* Aerolase Code Entry */,
				9492EAEC1FB4F6A800170A59 /* Aerolase Code EntryTests */,
				949AB5DC1FAB667E00C87302 /* Products */,
			);
			sourceTree = "<group>";
		};
		949AB5DC1FAB667E00C87302 /* Products */ = {
			isa = PBXGroup;
			children = (
				949AB5DB1FAB667E00C87302 /* Aerolase Code Entry.app */,
				9492EAEB1FB4F6A800170A59 /* Aerolase Code EntryTests.xctest */,
			);
			name = Products;
			sourceTree = "<group>";
		};
		949AB5DD1FAB667E00C87302 /* Aerolase Code Entry */ = {
			isa = PBXGroup;
			children = (
				9492EAF51FB4F6B700170A59 /* Model */,
				9492EAE41FB4DA0500170A59 /* Views */,
				9492EAE31FB4C28A00170A59 /* Controller */,
				949AB5DE1FAB667E00C87302 /* AppDelegate.swift */,
				949AB5E21FAB667E00C87302 /* Main.storyboard */,
				949AB5E51FAB667E00C87302 /* Assets.xcassets */,
				949AB5E71FAB667E00C87302 /* LaunchScreen.storyboard */,
				949AB5EA1FAB667E00C87302 /* Info.plist */,
			);
			path = "Aerolase Code Entry";
			sourceTree = "<group>";
		};
/* End PBXGroup section */

/* Begin PBXNativeTarget section */
		9492EAEA1FB4F6A800170A59 /* Aerolase Code EntryTests */ = {
			isa = PBXNativeTarget;
			buildConfigurationList = 9492EAF21FB4F6A800170A59 /* Build configuration list for PBXNativeTarget "Aerolase Code EntryTests" */;
			buildPhases = (
				9492EAE71FB4F6A800170A59 /* Sources */,
				9492EAE81FB4F6A800170A59 /* Frameworks */,
				9492EAE91FB4F6A800170A59 /* Resources */,
			);
			buildRules = (
			);
			dependencies = (
				9492EAF11FB4F6A800170A59 /* PBXTargetDependency */,
			);
			name = "Aerolase Code EntryTests";
			productName = "Aerolase Code EntryTests";
			productReference = 9492EAEB1FB4F6A800170A59 /* Aerolase Code EntryTests.xctest */;
			productType = "com.apple.product-type.bundle.unit-test";
		};
		949AB5DA1FAB667E00C87302 /* Aerolase Code Entry */ = {
			isa = PBXNativeTarget;
			buildConfigurationList = 949AB5ED1FAB667E00C87302 /* Build configuration list for PBXNativeTarget "Aerolase Code Entry" */;
			buildPhases = (
				949AB5D71FAB667E00C87302 /* Sources */,
				949AB5D81FAB667E00C87302 /* Frameworks */,
				949AB5D91FAB667E00C87302 /* Resources */,
			);
			buildRules = (
			);
			dependencies = (
			);
			name = "Aerolase Code Entry";
			productName = "Aerolase Code Entry";
			productReference = 949AB5DB1FAB667E00C87302 /* Aerolase Code Entry.app */;
			productType = "com.apple.product-type.application";
		};
/* End PBXNativeTarget section */

/* Begin PBXProject section */
		949AB5D31FAB667E00C87302 /* Project object */ = {
			isa = PBXProject;
			attributes = {
				KnownAssetTags = (
					un,
				);
				LastSwiftUpdateCheck = 0910;
				LastUpgradeCheck = 0900;
				ORGANIZATIONNAME = "Ryan McFadden";
				TargetAttributes = {
					9492EAEA1FB4F6A800170A59 = {
						CreatedOnToolsVersion = 9.1;
						ProvisioningStyle = Automatic;
						TestTargetID = 949AB5DA1FAB667E00C87302;
					};
					949AB5DA1FAB667E00C87302 = {
						CreatedOnToolsVersion = 9.0.1;
						ProvisioningStyle = Automatic;
					};
				};
			};
			buildConfigurationList = 949AB5D61FAB667E00C87302 /* Build configuration list for PBXProject "Aerolase Code Entry" */;
			compatibilityVersion = "Xcode 8.0";
			developmentRegion = en;
			hasScannedForEncodings = 0;
			knownRegions = (
				en,
				Base,
			);
			mainGroup = 949AB5D21FAB667E00C87302;
			productRefGroup = 949AB5DC1FAB667E00C87302 /* Products */;
			projectDirPath = "";
			projectRoot = "";
			targets = (
				949AB5DA1FAB667E00C87302 /* Aerolase Code Entry */,
				9492EAEA1FB4F6A800170A59 /* Aerolase Code EntryTests */,
			);
		};
/* End PBXProject section */

/* Begin PBXResourcesBuildPhase section */
		9492EAE91FB4F6A800170A59 /* Resources */ = {
			isa = PBXResourcesBuildPhase;
			buildActionMask = 2147483647;
			files = (
			);
			runOnlyForDeploymentPostprocessing = 0;
		};
		949AB5D91FAB667E00C87302 /* Resources */ = {
			isa = PBXResourcesBuildPhase;
			buildActionMask = 2147483647;
			files = (
				949AB5E91FAB667E00C87302 /* LaunchScreen.storyboard in Resources */,
				949AB5E61FAB667E00C87302 /* Assets.xcassets in Resources */,
				949AB5E41FAB667E00C87302 /* Main.storyboard in Resources */,
			);
			runOnlyForDeploymentPostprocessing = 0;
		};
/* End PBXResourcesBuildPhase section */

/* Begin PBXSourcesBuildPhase section */
		9492EAE71FB4F6A800170A59 /* Sources */ = {
			isa = PBXSourcesBuildPhase;
			buildActionMask = 2147483647;
			files = (
				9492EAF81FB4F8DF00170A59 /* Code.swift in Sources */,
				9492EAEE1FB4F6A800170A59 /* Aerolase_Code_EntryTests.swift in Sources */,
			);
			runOnlyForDeploymentPostprocessing = 0;
		};
		949AB5D71FAB667E00C87302 /* Sources */ = {
			isa = PBXSourcesBuildPhase;
			buildActionMask = 2147483647;
			files = (
				944BBC781FBE31BF00C08B09 /* LoginViewController.swift in Sources */,
				94F186FC1FBCE6E80083A71F /* CopyUILabel.swift in Sources */,
				9492EAF71FB4F6EA00170A59 /* Code.swift in Sources */,
				94067E2B20499E560072C3A6 /* PurchaseVC.swift in Sources */,
				949AB5E11FAB667E00C87302 /* MainVC.swift in Sources */,
				949AB5DF1FAB667E00C87302 /* AppDelegate.swift in Sources */,
				9492EAE61FB4DA4700170A59 /* CodeTxtField.swift in Sources */,
			);
			runOnlyForDeploymentPostprocessing = 0;
		};
/* End PBXSourcesBuildPhase section */

/* Begin PBXTargetDependency section */
		9492EAF11FB4F6A800170A59 /* PBXTargetDependency */ = {
			isa = PBXTargetDependency;
			target = 949AB5DA1FAB667E00C87302 /* Aerolase Code Entry */;
			targetProxy = 9492EAF01FB4F6A800170A59 /* PBXContainerItemProxy */;
		};
/* End PBXTargetDependency section */

/* Begin PBXVariantGroup section */
		949AB5E21FAB667E00C87302 /* Main.storyboard */ = {
			isa = PBXVariantGroup;
			children = (
				949AB5E31FAB667E00C87302 /* Base */,
			);
			name = Main.storyboard;
			sourceTree = "<group>";
		};
		949AB5E71FAB667E00C87302 /* LaunchScreen.storyboard */ = {
			isa = PBXVariantGroup;
			children = (
				949AB5E81FAB667E00C87302 /* Base */,
			);
			name = LaunchScreen.storyboard;
			sourceTree = "<group>";
		};
/* End PBXVariantGroup section */

/* Begin XCBuildConfiguration section */
		9492EAF31FB4F6A800170A59 /* Debug */ = {
			isa = XCBuildConfiguration;
			buildSettings = {
				BUNDLE_LOADER = "$(TEST_HOST)";
				CODE_SIGN_STYLE = Automatic;
				DEVELOPMENT_TEAM = DQWGFWD623;
				INFOPLIST_FILE = "Aerolase Code EntryTests/Info.plist";
				IPHONEOS_DEPLOYMENT_TARGET = 11.1;
				LD_RUNPATH_SEARCH_PATHS = "$(inherited) @executable_path/Frameworks @loader_path/Frameworks";
				PRODUCT_BUNDLE_IDENTIFIER = "com.rmApps.Aerolase-Code-EntryTests";
				PRODUCT_NAME = "$(TARGET_NAME)";
				SWIFT_VERSION = 4.0;
				TARGETED_DEVICE_FAMILY = "1,2";
				TEST_HOST = "$(BUILT_PRODUCTS_DIR)/Aerolase Code Entry.app/Aerolase Code Entry";
			};
			name = Debug;
		};
		9492EAF41FB4F6A800170A59 /* Release */ = {
			isa = XCBuildConfiguration;
			buildSettings = {
				BUNDLE_LOADER = "$(TEST_HOST)";
				CODE_SIGN_STYLE = Automatic;
				DEVELOPMENT_TEAM = DQWGFWD623;
				INFOPLIST_FILE = "Aerolase Code EntryTests/Info.plist";
				IPHONEOS_DEPLOYMENT_TARGET = 11.1;
				LD_RUNPATH_SEARCH_PATHS = "$(inherited) @executable_path/Frameworks @loader_path/Frameworks";
				PRODUCT_BUNDLE_IDENTIFIER = "com.rmApps.Aerolase-Code-EntryTests";
				PRODUCT_NAME = "$(TARGET_NAME)";
				SWIFT_VERSION = 4.0;
				TARGETED_DEVICE_FAMILY = "1,2";
				TEST_HOST = "$(BUILT_PRODUCTS_DIR)/Aerolase Code Entry.app/Aerolase Code Entry";
			};
			name = Release;
		};
		949AB5EB1FAB667E00C87302 /* Debug */ = {
			isa = XCBuildConfiguration;
			buildSettings = {
				ALWAYS_SEARCH_USER_PATHS = NO;
				CLANG_ANALYZER_NONNULL = YES;
				CLANG_ANALYZER_NUMBER_OBJECT_CONVERSION = YES_AGGRESSIVE;
				CLANG_CXX_LANGUAGE_STANDARD = "gnu++14";
				CLANG_CXX_LIBRARY = "libc++";
				CLANG_ENABLE_MODULES = YES;
				CLANG_ENABLE_OBJC_ARC = YES;
				CLANG_WARN_BLOCK_CAPTURE_AUTORELEASING = YES;
				CLANG_WARN_BOOL_CONVERSION = YES;
				CLANG_WARN_COMMA = YES;
				CLANG_WARN_CONSTANT_CONVERSION = YES;
				CLANG_WARN_DIRECT_OBJC_ISA_USAGE = YES_ERROR;
				CLANG_WARN_DOCUMENTATION_COMMENTS = YES;
				CLANG_WARN_EMPTY_BODY = YES;
				CLANG_WARN_ENUM_CONVERSION = YES;
				CLANG_WARN_INFINITE_RECURSION = YES;
				CLANG_WARN_INT_CONVERSION = YES;
				CLANG_WARN_NON_LITERAL_NULL_CONVERSION = YES;
				CLANG_WARN_OBJC_LITERAL_CONVERSION = YES;
				CLANG_WARN_OBJC_ROOT_CLASS = YES_ERROR;
				CLANG_WARN_RANGE_LOOP_ANALYSIS = YES;
				CLANG_WARN_STRICT_PROTOTYPES = YES;
				CLANG_WARN_SUSPICIOUS_MOVE = YES;
				CLANG_WARN_UNGUARDED_AVAILABILITY = YES_AGGRESSIVE;
				CLANG_WARN_UNREACHABLE_CODE = YES;
				CLANG_WARN__DUPLICATE_METHOD_MATCH = YES;
				CODE_SIGN_IDENTITY = "iPhone Developer";
				COPY_PHASE_STRIP = NO;
				DEBUG_INFORMATION_FORMAT = dwarf;
				ENABLE_STRICT_OBJC_MSGSEND = YES;
				ENABLE_TESTABILITY = YES;
				GCC_C_LANGUAGE_STANDARD = gnu11;
				GCC_DYNAMIC_NO_PIC = NO;
				GCC_NO_COMMON_BLOCKS = YES;
				GCC_OPTIMIZATION_LEVEL = 0;
				GCC_PREPROCESSOR_DEFINITIONS = (
					"DEBUG=1",
					"$(inherited)",
				);
				GCC_WARN_64_TO_32_BIT_CONVERSION = YES;
				GCC_WARN_ABOUT_RETURN_TYPE = YES_ERROR;
				GCC_WARN_UNDECLARED_SELECTOR = YES;
				GCC_WARN_UNINITIALIZED_AUTOS = YES_AGGRESSIVE;
				GCC_WARN_UNUSED_FUNCTION = YES;
				GCC_WARN_UNUSED_VARIABLE = YES;
				IPHONEOS_DEPLOYMENT_TARGET = 11.0;
				MTL_ENABLE_DEBUG_INFO = YES;
				ONLY_ACTIVE_ARCH = YES;
				SDKROOT = iphoneos;
				SWIFT_ACTIVE_COMPILATION_CONDITIONS = DEBUG;
				SWIFT_OPTIMIZATION_LEVEL = "-Onone";
			};
			name = Debug;
		};
		949AB5EC1FAB667E00C87302 /* Release */ = {
			isa = XCBuildConfiguration;
			buildSettings = {
				ALWAYS_SEARCH_USER_PATHS = NO;
				CLANG_ANALYZER_NONNULL = YES;
				CLANG_ANALYZER_NUMBER_OBJECT_CONVERSION = YES_AGGRESSIVE;
				CLANG_CXX_LANGUAGE_STANDARD = "gnu++14";
				CLANG_CXX_LIBRARY = "libc++";
				CLANG_ENABLE_MODULES = YES;
				CLANG_ENABLE_OBJC_ARC = YES;
				CLANG_WARN_BLOCK_CAPTURE_AUTORELEASING = YES;
				CLANG_WARN_BOOL_CONVERSION = YES;
				CLANG_WARN_COMMA = YES;
				CLANG_WARN_CONSTANT_CONVERSION = YES;
				CLANG_WARN_DIRECT_OBJC_ISA_USAGE = YES_ERROR;
				CLANG_WARN_DOCUMENTATION_COMMENTS = YES;
				CLANG_WARN_EMPTY_BODY = YES;
				CLANG_WARN_ENUM_CONVERSION = YES;
				CLANG_WARN_INFINITE_RECURSION = YES;
				CLANG_WARN_INT_CONVERSION = YES;
				CLANG_WARN_NON_LITERAL_NULL_CONVERSION = YES;
				CLANG_WARN_OBJC_LITERAL_CONVERSION = YES;
				CLANG_WARN_OBJC_ROOT_CLASS = YES_ERROR;
				CLANG_WARN_RANGE_LOOP_ANALYSIS = YES;
				CLANG_WARN_STRICT_PROTOTYPES = YES;
				CLANG_WARN_SUSPICIOUS_MOVE = YES;
				CLANG_WARN_UNGUARDED_AVAILABILITY = YES_AGGRESSIVE;
				CLANG_WARN_UNREACHABLE_CODE = YES;
				CLANG_WARN__DUPLICATE_METHOD_MATCH = YES;
				CODE_SIGN_IDENTITY = "iPhone Developer";
				COPY_PHASE_STRIP = NO;
				DEBUG_INFORMATION_FORMAT = "dwarf-with-dsym";
				ENABLE_NS_ASSERTIONS = NO;
				ENABLE_STRICT_OBJC_MSGSEND = YES;
				GCC_C_LANGUAGE_STANDARD = gnu11;
				GCC_NO_COMMON_BLOCKS = YES;
				GCC_WARN_64_TO_32_BIT_CONVERSION = YES;
				GCC_WARN_ABOUT_RETURN_TYPE = YES_ERROR;
				GCC_WARN_UNDECLARED_SELECTOR = YES;
				GCC_WARN_UNINITIALIZED_AUTOS = YES_AGGRESSIVE;
				GCC_WARN_UNUSED_FUNCTION = YES;
				GCC_WARN_UNUSED_VARIABLE = YES;
				IPHONEOS_DEPLOYMENT_TARGET = 11.0;
				MTL_ENABLE_DEBUG_INFO = NO;
				SDKROOT = iphoneos;
				SWIFT_OPTIMIZATION_LEVEL = "-Owholemodule";
				VALIDATE_PRODUCT = YES;
			};
			name = Release;
		};
		949AB5EE1FAB667E00C87302 /* Debug */ = {
			isa = XCBuildConfiguration;
			buildSettings = {
				ASSETCATALOG_COMPILER_APPICON_NAME = AppIcon;
				ASSETCATALOG_COMPILER_LAUNCHIMAGE_NAME = LaunchImage;
				"CODE_SIGN_IDENTITY[sdk=iphoneos*]" = "iPhone Developer";
				CODE_SIGN_STYLE = Automatic;
				DEVELOPMENT_TEAM = DQWGFWD623;
				INFOPLIST_FILE = "Aerolase Code Entry/Info.plist";
				LD_RUNPATH_SEARCH_PATHS = "$(inherited) @executable_path/Frameworks";
				PRODUCT_BUNDLE_IDENTIFIER = "com.rmAerolase.Aerolase-Code-Entry";
				PRODUCT_NAME = "$(TARGET_NAME)";
				PROVISIONING_PROFILE_SPECIFIER = "";
				SWIFT_VERSION = 4.0;
				TARGETED_DEVICE_FAMILY = "1,2";
			};
			name = Debug;
		};
		949AB5EF1FAB667E00C87302 /* Release */ = {
			isa = XCBuildConfiguration;
			buildSettings = {
				ASSETCATALOG_COMPILER_APPICON_NAME = AppIcon;
				ASSETCATALOG_COMPILER_LAUNCHIMAGE_NAME = LaunchImage;
				"CODE_SIGN_IDENTITY[sdk=iphoneos*]" = "iPhone Developer";
				CODE_SIGN_STYLE = Automatic;
				DEVELOPMENT_TEAM = DQWGFWD623;
				INFOPLIST_FILE = "Aerolase Code Entry/Info.plist";
				LD_RUNPATH_SEARCH_PATHS = "$(inherited) @executable_path/Frameworks";
				PRODUCT_BUNDLE_IDENTIFIER = "com.rmAerolase.Aerolase-Code-Entry";
				PRODUCT_NAME = "$(TARGET_NAME)";
				PROVISIONING_PROFILE_SPECIFIER = "";
				SWIFT_VERSION = 4.0;
				TARGETED_DEVICE_FAMILY = "1,2";
			};
			name = Release;
		};
/* End XCBuildConfiguration section */

/* Begin XCConfigurationList section */
		9492EAF21FB4F6A800170A59 /* Build configuration list for PBXNativeTarget "Aerolase Code EntryTests" */ = {
			isa = XCConfigurationList;
			buildConfigurations = (
				9492EAF31FB4F6A800170A59 /* Debug */,
				9492EAF41FB4F6A800170A59 /* Release */,
			);
			defaultConfigurationIsVisible = 0;
			defaultConfigurationName = Release;
		};
		949AB5D61FAB667E00C87302 /* Build configuration list for PBXProject "Aerolase Code Entry" */ = {
			isa = XCConfigurationList;
			buildConfigurations = (
				949AB5EB1FAB667E00C87302 /* Debug */,
				949AB5EC1FAB667E00C87302 /* Release */,
			);
			defaultConfigurationIsVisible = 0;
			defaultConfigurationName = Release;
		};
		949AB5ED1FAB667E00C87302 /* Build configuration list for PBXNativeTarget "Aerolase Code Entry" */ = {
			isa = XCConfigurationList;
			buildConfigurations = (
				949AB5EE1FAB667E00C87302 /* Debug */,
				949AB5EF1FAB667E00C87302 /* Release */,
			);
			defaultConfigurationIsVisible = 0;
			defaultConfigurationName = Release;
		};
/* End XCConfigurationList section */
	};
	rootObject = 949AB5D31FAB667E00C87302 /* Project object */;
}
